
Microsoft Visual Studio Solution File, Format Version 12.00
# Visual Studio 14
VisualStudioVersion = 14.0.25420.1
MinimumVisualStudioVersion = 10.0.40219.1
Project("{FAE04EC0-301F-11D3-BF4B-00C04F79EFBC}") = "MyGames", "MyGames\MyGames.csproj", "{CFE2927F-35A6-4ED6-A0B7-FD5473C9C14E}"
EndProject
Project("{FAE04EC0-301F-11D3-BF4B-00C04F79EFBC}") = "MyTicTacToe", "MyTicTacToe\MyTicTacToe.csproj", "{57D75D1A-AAFF-4C07-84FA-33D284E77A18}"
EndProject
Project("{FAE04EC0-301F-11D3-BF4B-00C04F79EFBC}") = "MyUtility", "MyUtility\MyUtility.csproj", "{60A0B4EB-40DD-4C00-A32A-892D519A8FBF}"
EndProject
Global
	GlobalSection(SolutionConfigurationPlatforms) = preSolution
		Debug|Any CPU = Debug|Any CPU
		Release|Any CPU = Release|Any CPU
	EndGlobalSection
	GlobalSection(ProjectConfigurationPlatforms) = postSolution
		{CFE2927F-35A6-4ED6-A0B7-FD5473C9C14E}.Debug|Any CPU.ActiveCfg = Debug|Any CPU
		{CFE2927F-35A6-4ED6-A0B7-FD5473C9C14E}.Debug|Any CPU.Build.0 = Debug|Any CPU
		{CFE2927F-35A6-4ED6-A0B7-FD5473C9C14E}.Release|Any CPU.ActiveCfg = Release|Any CPU
		{CFE2927F-35A6-4ED6-A0B7-FD5473C9C14E}.Release|Any CPU.Build.0 = Release|Any CPU
		{57D75D1A-AAFF-4C07-84FA-33D284E77A18}.Debug|Any CPU.ActiveCfg = Debug|Any CPU
		{57D75D1A-AAFF-4C07-84FA-33D284E77A18}.Debug|Any CPU.Build.0 = Debug|Any CPU
		{57D75D1A-AAFF-4C07-84FA-33D284E77A18}.Release|Any CPU.ActiveCfg = Release|Any CPU
		{57D75D1A-AAFF-4C07-84FA-33D284E77A18}.Release|Any CPU.Build.0 = Release|Any CPU
		{60A0B4EB-40DD-4C00-A32A-892D519A8FBF}.Debug|Any CPU.ActiveCfg = Debug|Any CPU
		{60A0B4EB-40DD-4C00-A32A-892D519A8FBF}.Debug|Any CPU.Build.0 = Debug|Any CPU
		{60A0B4EB-40DD-4C00-A32A-892D519A8FBF}.Release|Any CPU.ActiveCfg = Release|Any CPU
		{60A0B4EB-40DD-4C00-A32A-892D519A8FBF}.Release|Any CPU.Build.0 = Release|Any CPU
	EndGlobalSection
	GlobalSection(SolutionProperties) = preSolution
		HideSolutionNode = FALSE
	EndGlobalSection
EndGlobal
